
Microsoft Visual Studio Solution File, Format Version 12.00
# Visual Studio 15
VisualStudioVersion = 15.0.27428.2015
MinimumVisualStudioVersion = 10.0.40219.1
Project("{FAE04EC0-301F-11D3-BF4B-00C04F79EFBC}") = "FSE", "FSE\FSE.csproj", "{8D742873-5D02-4B88-983C-5CBEFA5E7DDA}"
EndProject
Global
	GlobalSection(SolutionConfigurationPlatforms) = preSolution
		Debug|Any CPU = Debug|Any CPU
		Release|Any CPU = Release|Any CPU
	EndGlobalSection
	GlobalSection(ProjectConfigurationPlatforms) = postSolution
		{8D742873-5D02-4B88-983C-5CBEFA5E7DDA}.Debug|Any CPU.ActiveCfg = Debug|Any CPU
		{8D742873-5D02-4B88-983C-5CBEFA5E7DDA}.Debug|Any CPU.Build.0 = Debug|Any CPU
		{8D742873-5D02-4B88-983C-5CBEFA5E7DDA}.Release|Any CPU.ActiveCfg = Release|Any CPU
		{8D742873-5D02-4B88-983C-5CBEFA5E7DDA}.Release|Any CPU.Build.0 = Release|Any CPU
	EndGlobalSection
	GlobalSection(SolutionProperties) = preSolution
		HideSolutionNode = FALSE
	EndGlobalSection
	GlobalSection(ExtensibilityGlobals) = postSolution
		SolutionGuid = {A1F5552F-2ECA-4B0C-B20E-B0278E9EC424}
	EndGlobalSection
EndGlobal
